
Microsoft Visual Studio Solution File, Format Version 12.00
Project("{2150E333-8FDC-42A3-9474-1A3956D46DE8}") = "Order", "Order", "{D08BE9B3-EAFB-4DFC-A8B6-DACB487830E8}"
EndProject
Project("{2150E333-8FDC-42A3-9474-1A3956D46DE8}") = "Product", "Product", "{E3A0F382-6B5F-436C-8771-363B7326E54D}"
EndProject
Project("{2150E333-8FDC-42A3-9474-1A3956D46DE8}") = "Shipping", "Shipping", "{825B56D2-EBAC-41C5-8E79-E9590627A805}"
EndProject
Project("{2150E333-8FDC-42A3-9474-1A3956D46DE8}") = "Review", "Review", "{CF044318-50FF-40C6-84C0-C920047FFE1F}"
EndProject
Project("{2150E333-8FDC-42A3-9474-1A3956D46DE8}") = "Promotion", "Promotion", "{1D2EAC32-7542-4DEC-A4E4-8A1B3E448415}"
EndProject
Project("{FAE04EC0-301F-11D3-BF4B-00C04F79EFBC}") = "Order.Api", "Order\Order.Api\Order.Api.csproj", "{A7C17BE5-438E-4010-B947-56A239CF19E6}"
EndProject
Project("{FAE04EC0-301F-11D3-BF4B-00C04F79EFBC}") = "Product.Api", "Product\Product.Api\Product.Api.csproj", "{679B1F40-6AC2-459A-A9F4-36C1102F40D9}"
EndProject
Project("{FAE04EC0-301F-11D3-BF4B-00C04F79EFBC}") = "Promotion.Api", "Promotion\Promotion.Api\Promotion.Api.csproj", "{606AEBC7-B1AC-4EB4-918F-52DD20486570}"
EndProject
Project("{FAE04EC0-301F-11D3-BF4B-00C04F79EFBC}") = "Review.Api", "Review\Review.Api\Review.Api.csproj", "{5F12A291-57C6-469F-BE44-76D1BC8E2F94}"
EndProject
Project("{FAE04EC0-301F-11D3-BF4B-00C04F79EFBC}") = "Shipping.Api", "Shipping\Shipping.Api\Shipping.Api.csproj", "{0C9E9915-560B-449E-BDE5-48C69AC48FE8}"
EndProject
Project("{FAE04EC0-301F-11D3-BF4B-00C04F79EFBC}") = "Order.Domain", "Order\Order.Domain\Order.Domain.csproj", "{3AC27735-FB47-4C47-ACE1-9A0E1E27383E}"
EndProject
Project("{FAE04EC0-301F-11D3-BF4B-00C04F79EFBC}") = "Order.Infrastructure", "Order\Order.Infrastructure\Order.Infrastructure.csproj", "{32E275F9-8F3E-437B-B6FD-DF3C1074873D}"
EndProject
Project("{FAE04EC0-301F-11D3-BF4B-00C04F79EFBC}") = "Product.Domain", "Product\Product.Domain\Product.Domain.csproj", "{631FCF08-89F2-4A64-8F6C-DD5B6C55E01B}"
EndProject
Project("{FAE04EC0-301F-11D3-BF4B-00C04F79EFBC}") = "Product.Infrastructure", "Product\Product.Infrastructure\Product.Infrastructure.csproj", "{7F8A992E-331B-4846-8F19-D7263052F794}"
EndProject
Project("{FAE04EC0-301F-11D3-BF4B-00C04F79EFBC}") = "Promotion.Domain", "Promotion\Promotion.Domain\Promotion.Domain.csproj", "{4E63481D-79FA-4B19-9178-E1EF246DCE28}"
EndProject
Project("{FAE04EC0-301F-11D3-BF4B-00C04F79EFBC}") = "Promotion.Infrastructure", "Promotion\Promotion.Infrastructure\Promotion.Infrastructure.csproj", "{D978B5D3-085E-4D13-8933-167849D54A5A}"
EndProject
Project("{FAE04EC0-301F-11D3-BF4B-00C04F79EFBC}") = "Review.Domian", "Review\Review.Domian\Review.Domian.csproj", "{760AF227-0281-4211-8A43-4B858F621365}"
EndProject
Project("{FAE04EC0-301F-11D3-BF4B-00C04F79EFBC}") = "Review.Infrastructure", "Review\Review.Infrastructure\Review.Infrastructure.csproj", "{AC866252-E1A5-489A-9BEC-745A7A7796A7}"
EndProject
Project("{FAE04EC0-301F-11D3-BF4B-00C04F79EFBC}") = "Shipping.Domain", "Shipping\Shipping.Domain\Shipping.Domain.csproj", "{88548754-2577-4684-B1C4-809E98FAD6E7}"
EndProject
Project("{FAE04EC0-301F-11D3-BF4B-00C04F79EFBC}") = "Shipping.Infrastructure", "Shipping\Shipping.Infrastructure\Shipping.Infrastructure.csproj", "{7187144B-C67D-4C98-AB7B-8FA0736AC324}"
EndProject
Global
	GlobalSection(SolutionConfigurationPlatforms) = preSolution
		Debug|Any CPU = Debug|Any CPU
		Release|Any CPU = Release|Any CPU
	EndGlobalSection
	GlobalSection(ProjectConfigurationPlatforms) = postSolution
		{A7C17BE5-438E-4010-B947-56A239CF19E6}.Debug|Any CPU.ActiveCfg = Debug|Any CPU
		{A7C17BE5-438E-4010-B947-56A239CF19E6}.Debug|Any CPU.Build.0 = Debug|Any CPU
		{A7C17BE5-438E-4010-B947-56A239CF19E6}.Release|Any CPU.ActiveCfg = Release|Any CPU
		{A7C17BE5-438E-4010-B947-56A239CF19E6}.Release|Any CPU.Build.0 = Release|Any CPU
		{679B1F40-6AC2-459A-A9F4-36C1102F40D9}.Debug|Any CPU.ActiveCfg = Debug|Any CPU
		{679B1F40-6AC2-459A-A9F4-36C1102F40D9}.Debug|Any CPU.Build.0 = Debug|Any CPU
		{679B1F40-6AC2-459A-A9F4-36C1102F40D9}.Release|Any CPU.ActiveCfg = Release|Any CPU
		{679B1F40-6AC2-459A-A9F4-36C1102F40D9}.Release|Any CPU.Build.0 = Release|Any CPU
		{606AEBC7-B1AC-4EB4-918F-52DD20486570}.Debug|Any CPU.ActiveCfg = Debug|Any CPU
		{606AEBC7-B1AC-4EB4-918F-52DD20486570}.Debug|Any CPU.Build.0 = Debug|Any CPU
		{606AEBC7-B1AC-4EB4-918F-52DD20486570}.Release|Any CPU.ActiveCfg = Release|Any CPU
		{606AEBC7-B1AC-4EB4-918F-52DD20486570}.Release|Any CPU.Build.0 = Release|Any CPU
		{5F12A291-57C6-469F-BE44-76D1BC8E2F94}.Debug|Any CPU.ActiveCfg = Debug|Any CPU
		{5F12A291-57C6-469F-BE44-76D1BC8E2F94}.Debug|Any CPU.Build.0 = Debug|Any CPU
		{5F12A291-57C6-469F-BE44-76D1BC8E2F94}.Release|Any CPU.ActiveCfg = Release|Any CPU
		{5F12A291-57C6-469F-BE44-76D1BC8E2F94}.Release|Any CPU.Build.0 = Release|Any CPU
		{0C9E9915-560B-449E-BDE5-48C69AC48FE8}.Debug|Any CPU.ActiveCfg = Debug|Any CPU
		{0C9E9915-560B-449E-BDE5-48C69AC48FE8}.Debug|Any CPU.Build.0 = Debug|Any CPU
		{0C9E9915-560B-449E-BDE5-48C69AC48FE8}.Release|Any CPU.ActiveCfg = Release|Any CPU
		{0C9E9915-560B-449E-BDE5-48C69AC48FE8}.Release|Any CPU.Build.0 = Release|Any CPU
		{3AC27735-FB47-4C47-ACE1-9A0E1E27383E}.Debug|Any CPU.ActiveCfg = Debug|Any CPU
		{3AC27735-FB47-4C47-ACE1-9A0E1E27383E}.Debug|Any CPU.Build.0 = Debug|Any CPU
		{3AC27735-FB47-4C47-ACE1-9A0E1E27383E}.Release|Any CPU.ActiveCfg = Release|Any CPU
		{3AC27735-FB47-4C47-ACE1-9A0E1E27383E}.Release|Any CPU.Build.0 = Release|Any CPU
		{32E275F9-8F3E-437B-B6FD-DF3C1074873D}.Debug|Any CPU.ActiveCfg = Debug|Any CPU
		{32E275F9-8F3E-437B-B6FD-DF3C1074873D}.Debug|Any CPU.Build.0 = Debug|Any CPU
		{32E275F9-8F3E-437B-B6FD-DF3C1074873D}.Release|Any CPU.ActiveCfg = Release|Any CPU
		{32E275F9-8F3E-437B-B6FD-DF3C1074873D}.Release|Any CPU.Build.0 = Release|Any CPU
		{631FCF08-89F2-4A64-8F6C-DD5B6C55E01B}.Debug|Any CPU.ActiveCfg = Debug|Any CPU
		{631FCF08-89F2-4A64-8F6C-DD5B6C55E01B}.Debug|Any CPU.Build.0 = Debug|Any CPU
		{631FCF08-89F2-4A64-8F6C-DD5B6C55E01B}.Release|Any CPU.ActiveCfg = Release|Any CPU
		{631FCF08-89F2-4A64-8F6C-DD5B6C55E01B}.Release|Any CPU.Build.0 = Release|Any CPU
		{7F8A992E-331B-4846-8F19-D7263052F794}.Debug|Any CPU.ActiveCfg = Debug|Any CPU
		{7F8A992E-331B-4846-8F19-D7263052F794}.Debug|Any CPU.Build.0 = Debug|Any CPU
		{7F8A992E-331B-4846-8F19-D7263052F794}.Release|Any CPU.ActiveCfg = Release|Any CPU
		{7F8A992E-331B-4846-8F19-D7263052F794}.Release|Any CPU.Build.0 = Release|Any CPU
		{4E63481D-79FA-4B19-9178-E1EF246DCE28}.Debug|Any CPU.ActiveCfg = Debug|Any CPU
		{4E63481D-79FA-4B19-9178-E1EF246DCE28}.Debug|Any CPU.Build.0 = Debug|Any CPU
		{4E63481D-79FA-4B19-9178-E1EF246DCE28}.Release|Any CPU.ActiveCfg = Release|Any CPU
		{4E63481D-79FA-4B19-9178-E1EF246DCE28}.Release|Any CPU.Build.0 = Release|Any CPU
		{D978B5D3-085E-4D13-8933-167849D54A5A}.Debug|Any CPU.ActiveCfg = Debug|Any CPU
		{D978B5D3-085E-4D13-8933-167849D54A5A}.Debug|Any CPU.Build.0 = Debug|Any CPU
		{D978B5D3-085E-4D13-8933-167849D54A5A}.Release|Any CPU.ActiveCfg = Release|Any CPU
		{D978B5D3-085E-4D13-8933-167849D54A5A}.Release|Any CPU.Build.0 = Release|Any CPU
		{760AF227-0281-4211-8A43-4B858F621365}.Debug|Any CPU.ActiveCfg = Debug|Any CPU
		{760AF227-0281-4211-8A43-4B858F621365}.Debug|Any CPU.Build.0 = Debug|Any CPU
		{760AF227-0281-4211-8A43-4B858F621365}.Release|Any CPU.ActiveCfg = Release|Any CPU
		{760AF227-0281-4211-8A43-4B858F621365}.Release|Any CPU.Build.0 = Release|Any CPU
		{AC866252-E1A5-489A-9BEC-745A7A7796A7}.Debug|Any CPU.ActiveCfg = Debug|Any CPU
		{AC866252-E1A5-489A-9BEC-745A7A7796A7}.Debug|Any CPU.Build.0 = Debug|Any CPU
		{AC866252-E1A5-489A-9BEC-745A7A7796A7}.Release|Any CPU.ActiveCfg = Release|Any CPU
		{AC866252-E1A5-489A-9BEC-745A7A7796A7}.Release|Any CPU.Build.0 = Release|Any CPU
		{88548754-2577-4684-B1C4-809E98FAD6E7}.Debug|Any CPU.ActiveCfg = Debug|Any CPU
		{88548754-2577-4684-B1C4-809E98FAD6E7}.Debug|Any CPU.Build.0 = Debug|Any CPU
		{88548754-2577-4684-B1C4-809E98FAD6E7}.Release|Any CPU.ActiveCfg = Release|Any CPU
		{88548754-2577-4684-B1C4-809E98FAD6E7}.Release|Any CPU.Build.0 = Release|Any CPU
		{7187144B-C67D-4C98-AB7B-8FA0736AC324}.Debug|Any CPU.ActiveCfg = Debug|Any CPU
		{7187144B-C67D-4C98-AB7B-8FA0736AC324}.Debug|Any CPU.Build.0 = Debug|Any CPU
		{7187144B-C67D-4C98-AB7B-8FA0736AC324}.Release|Any CPU.ActiveCfg = Release|Any CPU
		{7187144B-C67D-4C98-AB7B-8FA0736AC324}.Release|Any CPU.Build.0 = Release|Any CPU
	EndGlobalSection
	GlobalSection(NestedProjects) = preSolution
		{A7C17BE5-438E-4010-B947-56A239CF19E6} = {D08BE9B3-EAFB-4DFC-A8B6-DACB487830E8}
		{679B1F40-6AC2-459A-A9F4-36C1102F40D9} = {E3A0F382-6B5F-436C-8771-363B7326E54D}
		{606AEBC7-B1AC-4EB4-918F-52DD20486570} = {1D2EAC32-7542-4DEC-A4E4-8A1B3E448415}
		{5F12A291-57C6-469F-BE44-76D1BC8E2F94} = {CF044318-50FF-40C6-84C0-C920047FFE1F}
		{0C9E9915-560B-449E-BDE5-48C69AC48FE8} = {825B56D2-EBAC-41C5-8E79-E9590627A805}
		{3AC27735-FB47-4C47-ACE1-9A0E1E27383E} = {D08BE9B3-EAFB-4DFC-A8B6-DACB487830E8}
		{32E275F9-8F3E-437B-B6FD-DF3C1074873D} = {D08BE9B3-EAFB-4DFC-A8B6-DACB487830E8}
		{631FCF08-89F2-4A64-8F6C-DD5B6C55E01B} = {E3A0F382-6B5F-436C-8771-363B7326E54D}
		{7F8A992E-331B-4846-8F19-D7263052F794} = {E3A0F382-6B5F-436C-8771-363B7326E54D}
		{4E63481D-79FA-4B19-9178-E1EF246DCE28} = {1D2EAC32-7542-4DEC-A4E4-8A1B3E448415}
		{D978B5D3-085E-4D13-8933-167849D54A5A} = {1D2EAC32-7542-4DEC-A4E4-8A1B3E448415}
		{760AF227-0281-4211-8A43-4B858F621365} = {CF044318-50FF-40C6-84C0-C920047FFE1F}
		{AC866252-E1A5-489A-9BEC-745A7A7796A7} = {CF044318-50FF-40C6-84C0-C920047FFE1F}
		{88548754-2577-4684-B1C4-809E98FAD6E7} = {825B56D2-EBAC-41C5-8E79-E9590627A805}
		{7187144B-C67D-4C98-AB7B-8FA0736AC324} = {825B56D2-EBAC-41C5-8E79-E9590627A805}
	EndGlobalSection
EndGlobal
